
Microsoft Visual Studio Solution File, Format Version 12.00
# Visual Studio Version 17
VisualStudioVersion = 17.11.35201.85
MinimumVisualStudioVersion = 10.0.40219.1
Project("{9A19103F-16F7-4668-BE54-9A1E7A4F7556}") = "Staff Management", "Staff Management\Staff Management.csproj", "{214FDE8B-B972-463E-8D72-B1C8AD06E538}"
EndProject
Project("{9A19103F-16F7-4668-BE54-9A1E7A4F7556}") = "StaffManagement.Tests", "StaffManagement.Tests\StaffManagement.Tests.csproj", "{9C29B0F8-5FE8-4160-94B6-B2924CA5D5F8}"
EndProject
Global
	GlobalSection(SolutionConfigurationPlatforms) = preSolution
		Debug|Any CPU = Debug|Any CPU
		Release|Any CPU = Release|Any CPU
	EndGlobalSection
	GlobalSection(ProjectConfigurationPlatforms) = postSolution
		{214FDE8B-B972-463E-8D72-B1C8AD06E538}.Debug|Any CPU.ActiveCfg = Debug|Any CPU
		{214FDE8B-B972-463E-8D72-B1C8AD06E538}.Debug|Any CPU.Build.0 = Debug|Any CPU
		{214FDE8B-B972-463E-8D72-B1C8AD06E538}.Release|Any CPU.ActiveCfg = Release|Any CPU
		{214FDE8B-B972-463E-8D72-B1C8AD06E538}.Release|Any CPU.Build.0 = Release|Any CPU
		{9C29B0F8-5FE8-4160-94B6-B2924CA5D5F8}.Debug|Any CPU.ActiveCfg = Debug|Any CPU
		{9C29B0F8-5FE8-4160-94B6-B2924CA5D5F8}.Debug|Any CPU.Build.0 = Debug|Any CPU
		{9C29B0F8-5FE8-4160-94B6-B2924CA5D5F8}.Release|Any CPU.ActiveCfg = Release|Any CPU
		{9C29B0F8-5FE8-4160-94B6-B2924CA5D5F8}.Release|Any CPU.Build.0 = Release|Any CPU
	EndGlobalSection
	GlobalSection(SolutionProperties) = preSolution
		HideSolutionNode = FALSE
	EndGlobalSection
	GlobalSection(ExtensibilityGlobals) = postSolution
		SolutionGuid = {C62C9E2D-0A1C-4C4C-9CEA-F3B0C52A5D8E}
	EndGlobalSection
EndGlobal
